
Microsoft Visual Studio Solution File, Format Version 12.00
# Visual Studio 15
VisualStudioVersion = 15.0.27428.2037
MinimumVisualStudioVersion = 10.0.40219.1
Project("{FAE04EC0-301F-11D3-BF4B-00C04F79EFBC}") = "App_ConsultaCEP.Android", "App_ConsultaCEP\App_ConsultaCEP.Android\App_ConsultaCEP.Android.csproj", "{B5DBC6BA-5A23-4791-A9AE-F01908EBF852}"
EndProject
Project("{FAE04EC0-301F-11D3-BF4B-00C04F79EFBC}") = "App_ConsultaCEP.iOS", "App_ConsultaCEP\App_ConsultaCEP.iOS\App_ConsultaCEP.iOS.csproj", "{295616E0-46F2-4754-8B32-D9A120921A84}"
EndProject
Project("{FAE04EC0-301F-11D3-BF4B-00C04F79EFBC}") = "App_ConsultaCEP.UWP", "App_ConsultaCEP\App_ConsultaCEP.UWP\App_ConsultaCEP.UWP.csproj", "{D0566691-C646-4CFF-A02C-2A64DB84E17F}"
EndProject
Project("{FAE04EC0-301F-11D3-BF4B-00C04F79EFBC}") = "App_ConsultaCEP", "App_ConsultaCEP\App_ConsultaCEP\App_ConsultaCEP.csproj", "{DE36F401-7AD1-4620-A586-6034B153A2DA}"
EndProject
Global
	GlobalSection(SolutionConfigurationPlatforms) = preSolution
		Ad-Hoc|Any CPU = Ad-Hoc|Any CPU
		Ad-Hoc|ARM = Ad-Hoc|ARM
		Ad-Hoc|iPhone = Ad-Hoc|iPhone
		Ad-Hoc|iPhoneSimulator = Ad-Hoc|iPhoneSimulator
		Ad-Hoc|x64 = Ad-Hoc|x64
		Ad-Hoc|x86 = Ad-Hoc|x86
		AppStore|Any CPU = AppStore|Any CPU
		AppStore|ARM = AppStore|ARM
		AppStore|iPhone = AppStore|iPhone
		AppStore|iPhoneSimulator = AppStore|iPhoneSimulator
		AppStore|x64 = AppStore|x64
		AppStore|x86 = AppStore|x86
		Debug|Any CPU = Debug|Any CPU
		Debug|ARM = Debug|ARM
		Debug|iPhone = Debug|iPhone
		Debug|iPhoneSimulator = Debug|iPhoneSimulator
		Debug|x64 = Debug|x64
		Debug|x86 = Debug|x86
		Release|Any CPU = Release|Any CPU
		Release|ARM = Release|ARM
		Release|iPhone = Release|iPhone
		Release|iPhoneSimulator = Release|iPhoneSimulator
		Release|x64 = Release|x64
		Release|x86 = Release|x86
	EndGlobalSection
	GlobalSection(ProjectConfigurationPlatforms) = postSolution
		{B5DBC6BA-5A23-4791-A9AE-F01908EBF852}.Ad-Hoc|Any CPU.ActiveCfg = Release|Any CPU
		{B5DBC6BA-5A23-4791-A9AE-F01908EBF852}.Ad-Hoc|Any CPU.Build.0 = Release|Any CPU
		{B5DBC6BA-5A23-4791-A9AE-F01908EBF852}.Ad-Hoc|Any CPU.Deploy.0 = Release|Any CPU
		{B5DBC6BA-5A23-4791-A9AE-F01908EBF852}.Ad-Hoc|ARM.ActiveCfg = Release|Any CPU
		{B5DBC6BA-5A23-4791-A9AE-F01908EBF852}.Ad-Hoc|ARM.Build.0 = Release|Any CPU
		{B5DBC6BA-5A23-4791-A9AE-F01908EBF852}.Ad-Hoc|ARM.Deploy.0 = Release|Any CPU
		{B5DBC6BA-5A23-4791-A9AE-F01908EBF852}.Ad-Hoc|iPhone.ActiveCfg = Release|Any CPU
		{B5DBC6BA-5A23-4791-A9AE-F01908EBF852}.Ad-Hoc|iPhone.Build.0 = Release|Any CPU
		{B5DBC6BA-5A23-4791-A9AE-F01908EBF852}.Ad-Hoc|iPhone.Deploy.0 = Release|Any CPU
		{B5DBC6BA-5A23-4791-A9AE-F01908EBF852}.Ad-Hoc|iPhoneSimulator.ActiveCfg = Release|Any CPU
		{B5DBC6BA-5A23-4791-A9AE-F01908EBF852}.Ad-Hoc|iPhoneSimulator.Build.0 = Release|Any CPU
		{B5DBC6BA-5A23-4791-A9AE-F01908EBF852}.Ad-Hoc|iPhoneSimulator.Deploy.0 = Release|Any CPU
		{B5DBC6BA-5A23-4791-A9AE-F01908EBF852}.Ad-Hoc|x64.ActiveCfg = Release|Any CPU
		{B5DBC6BA-5A23-4791-A9AE-F01908EBF852}.Ad-Hoc|x64.Build.0 = Release|Any CPU
		{B5DBC6BA-5A23-4791-A9AE-F01908EBF852}.Ad-Hoc|x64.Deploy.0 = Release|Any CPU
		{B5DBC6BA-5A23-4791-A9AE-F01908EBF852}.Ad-Hoc|x86.ActiveCfg = Release|Any CPU
		{B5DBC6BA-5A23-4791-A9AE-F01908EBF852}.Ad-Hoc|x86.Build.0 = Release|Any CPU
		{B5DBC6BA-5A23-4791-A9AE-F01908EBF852}.Ad-Hoc|x86.Deploy.0 = Release|Any CPU
		{B5DBC6BA-5A23-4791-A9AE-F01908EBF852}.AppStore|Any CPU.ActiveCfg = Release|Any CPU
		{B5DBC6BA-5A23-4791-A9AE-F01908EBF852}.AppStore|Any CPU.Build.0 = Release|Any CPU
		{B5DBC6BA-5A23-4791-A9AE-F01908EBF852}.AppStore|Any CPU.Deploy.0 = Release|Any CPU
		{B5DBC6BA-5A23-4791-A9AE-F01908EBF852}.AppStore|ARM.ActiveCfg = Release|Any CPU
		{B5DBC6BA-5A23-4791-A9AE-F01908EBF852}.AppStore|ARM.Build.0 = Release|Any CPU
		{B5DBC6BA-5A23-4791-A9AE-F01908EBF852}.AppStore|ARM.Deploy.0 = Release|Any CPU
		{B5DBC6BA-5A23-4791-A9AE-F01908EBF852}.AppStore|iPhone.ActiveCfg = Release|Any CPU
		{B5DBC6BA-5A23-4791-A9AE-F01908EBF852}.AppStore|iPhone.Build.0 = Release|Any CPU
		{B5DBC6BA-5A23-4791-A9AE-F01908EBF852}.AppStore|iPhone.Deploy.0 = Release|Any CPU
		{B5DBC6BA-5A23-4791-A9AE-F01908EBF852}.AppStore|iPhoneSimulator.ActiveCfg = Release|Any CPU
		{B5DBC6BA-5A23-4791-A9AE-F01908EBF852}.AppStore|iPhoneSimulator.Build.0 = Release|Any CPU
		{B5DBC6BA-5A23-4791-A9AE-F01908EBF852}.AppStore|iPhoneSimulator.Deploy.0 = Release|Any CPU
		{B5DBC6BA-5A23-4791-A9AE-F01908EBF852}.AppStore|x64.ActiveCfg = Release|Any CPU
		{B5DBC6BA-5A23-4791-A9AE-F01908EBF852}.AppStore|x64.Build.0 = Release|Any CPU
		{B5DBC6BA-5A23-4791-A9AE-F01908EBF852}.AppStore|x64.Deploy.0 = Release|Any CPU
		{B5DBC6BA-5A23-4791-A9AE-F01908EBF852}.AppStore|x86.ActiveCfg = Release|Any CPU
		{B5DBC6BA-5A23-4791-A9AE-F01908EBF852}.AppStore|x86.Build.0 = Release|Any CPU
		{B5DBC6BA-5A23-4791-A9AE-F01908EBF852}.AppStore|x86.Deploy.0 = Release|Any CPU
		{B5DBC6BA-5A23-4791-A9AE-F01908EBF852}.Debug|Any CPU.ActiveCfg = Debug|Any CPU
		{B5DBC6BA-5A23-4791-A9AE-F01908EBF852}.Debug|Any CPU.Build.0 = Debug|Any CPU
		{B5DBC6BA-5A23-4791-A9AE-F01908EBF852}.Debug|Any CPU.Deploy.0 = Debug|Any CPU
		{B5DBC6BA-5A23-4791-A9AE-F01908EBF852}.Debug|ARM.ActiveCfg = Debug|Any CPU
		{B5DBC6BA-5A23-4791-A9AE-F01908EBF852}.Debug|ARM.Build.0 = Debug|Any CPU
		{B5DBC6BA-5A23-4791-A9AE-F01908EBF852}.Debug|ARM.Deploy.0 = Debug|Any CPU
		{B5DBC6BA-5A23-4791-A9AE-F01908EBF852}.Debug|iPhone.ActiveCfg = Debug|Any CPU
		{B5DBC6BA-5A23-4791-A9AE-F01908EBF852}.Debug|iPhone.Build.0 = Debug|Any CPU
		{B5DBC6BA-5A23-4791-A9AE-F01908EBF852}.Debug|iPhone.Deploy.0 = Debug|Any CPU
		{B5DBC6BA-5A23-4791-A9AE-F01908EBF852}.Debug|iPhoneSimulator.ActiveCfg = Debug|Any CPU
		{B5DBC6BA-5A23-4791-A9AE-F01908EBF852}.Debug|iPhoneSimulator.Build.0 = Debug|Any CPU
		{B5DBC6BA-5A23-4791-A9AE-F01908EBF852}.Debug|iPhoneSimulator.Deploy.0 = Debug|Any CPU
		{B5DBC6BA-5A23-4791-A9AE-F01908EBF852}.Debug|x64.ActiveCfg = Debug|Any CPU
		{B5DBC6BA-5A23-4791-A9AE-F01908EBF852}.Debug|x64.Build.0 = Debug|Any CPU
		{B5DBC6BA-5A23-4791-A9AE-F01908EBF852}.Debug|x64.Deploy.0 = Debug|Any CPU
		{B5DBC6BA-5A23-4791-A9AE-F01908EBF852}.Debug|x86.ActiveCfg = Debug|Any CPU
		{B5DBC6BA-5A23-4791-A9AE-F01908EBF852}.Debug|x86.Build.0 = Debug|Any CPU
		{B5DBC6BA-5A23-4791-A9AE-F01908EBF852}.Debug|x86.Deploy.0 = Debug|Any CPU
		{B5DBC6BA-5A23-4791-A9AE-F01908EBF852}.Release|Any CPU.ActiveCfg = Release|Any CPU
		{B5DBC6BA-5A23-4791-A9AE-F01908EBF852}.Release|Any CPU.Build.0 = Release|Any CPU
		{B5DBC6BA-5A23-4791-A9AE-F01908EBF852}.Release|Any CPU.Deploy.0 = Release|Any CPU
		{B5DBC6BA-5A23-4791-A9AE-F01908EBF852}.Release|ARM.ActiveCfg = Release|Any CPU
		{B5DBC6BA-5A23-4791-A9AE-F01908EBF852}.Release|ARM.Build.0 = Release|Any CPU
		{B5DBC6BA-5A23-4791-A9AE-F01908EBF852}.Release|ARM.Deploy.0 = Release|Any CPU
		{B5DBC6BA-5A23-4791-A9AE-F01908EBF852}.Release|iPhone.ActiveCfg = Release|Any CPU
		{B5DBC6BA-5A23-4791-A9AE-F01908EBF852}.Release|iPhone.Build.0 = Release|Any CPU
		{B5DBC6BA-5A23-4791-A9AE-F01908EBF852}.Release|iPhone.Deploy.0 = Release|Any CPU
		{B5DBC6BA-5A23-4791-A9AE-F01908EBF852}.Release|iPhoneSimulator.ActiveCfg = Release|Any CPU
		{B5DBC6BA-5A23-4791-A9AE-F01908EBF852}.Release|iPhoneSimulator.Build.0 = Release|Any CPU
		{B5DBC6BA-5A23-4791-A9AE-F01908EBF852}.Release|iPhoneSimulator.Deploy.0 = Release|Any CPU
		{B5DBC6BA-5A23-4791-A9AE-F01908EBF852}.Release|x64.ActiveCfg = Release|Any CPU
		{B5DBC6BA-5A23-4791-A9AE-F01908EBF852}.Release|x64.Build.0 = Release|Any CPU
		{B5DBC6BA-5A23-4791-A9AE-F01908EBF852}.Release|x64.Deploy.0 = Release|Any CPU
		{B5DBC6BA-5A23-4791-A9AE-F01908EBF852}.Release|x86.ActiveCfg = Release|Any CPU
		{B5DBC6BA-5A23-4791-A9AE-F01908EBF852}.Release|x86.Build.0 = Release|Any CPU
		{B5DBC6BA-5A23-4791-A9AE-F01908EBF852}.Release|x86.Deploy.0 = Release|Any CPU
		{295616E0-46F2-4754-8B32-D9A120921A84}.Ad-Hoc|Any CPU.ActiveCfg = Ad-Hoc|iPhone
		{295616E0-46F2-4754-8B32-D9A120921A84}.Ad-Hoc|ARM.ActiveCfg = Ad-Hoc|iPhone
		{295616E0-46F2-4754-8B32-D9A120921A84}.Ad-Hoc|iPhone.ActiveCfg = Ad-Hoc|iPhone
		{295616E0-46F2-4754-8B32-D9A120921A84}.Ad-Hoc|iPhone.Build.0 = Ad-Hoc|iPhone
		{295616E0-46F2-4754-8B32-D9A120921A84}.Ad-Hoc|iPhoneSimulator.ActiveCfg = Ad-Hoc|iPhoneSimulator
		{295616E0-46F2-4754-8B32-D9A120921A84}.Ad-Hoc|iPhoneSimulator.Build.0 = Ad-Hoc|iPhoneSimulator
		{295616E0-46F2-4754-8B32-D9A120921A84}.Ad-Hoc|x64.ActiveCfg = Ad-Hoc|iPhone
		{295616E0-46F2-4754-8B32-D9A120921A84}.Ad-Hoc|x86.ActiveCfg = Ad-Hoc|iPhone
		{295616E0-46F2-4754-8B32-D9A120921A84}.AppStore|Any CPU.ActiveCfg = AppStore|iPhone
		{295616E0-46F2-4754-8B32-D9A120921A84}.AppStore|ARM.ActiveCfg = AppStore|iPhone
		{295616E0-46F2-4754-8B32-D9A120921A84}.AppStore|iPhone.ActiveCfg = AppStore|iPhone
		{295616E0-46F2-4754-8B32-D9A120921A84}.AppStore|iPhone.Build.0 = AppStore|iPhone
		{295616E0-46F2-4754-8B32-D9A120921A84}.AppStore|iPhoneSimulator.ActiveCfg = AppStore|iPhoneSimulator
		{295616E0-46F2-4754-8B32-D9A120921A84}.AppStore|iPhoneSimulator.Build.0 = AppStore|iPhoneSimulator
		{295616E0-46F2-4754-8B32-D9A120921A84}.AppStore|x64.ActiveCfg = AppStore|iPhone
		{295616E0-46F2-4754-8B32-D9A120921A84}.AppStore|x86.ActiveCfg = AppStore|iPhone
		{295616E0-46F2-4754-8B32-D9A120921A84}.Debug|Any CPU.ActiveCfg = Debug|iPhone
		{295616E0-46F2-4754-8B32-D9A120921A84}.Debug|ARM.ActiveCfg = Debug|iPhone
		{295616E0-46F2-4754-8B32-D9A120921A84}.Debug|iPhone.ActiveCfg = Debug|iPhone
		{295616E0-46F2-4754-8B32-D9A120921A84}.Debug|iPhone.Build.0 = Debug|iPhone
		{295616E0-46F2-4754-8B32-D9A120921A84}.Debug|iPhoneSimulator.ActiveCfg = Debug|iPhoneSimulator
		{295616E0-46F2-4754-8B32-D9A120921A84}.Debug|iPhoneSimulator.Build.0 = Debug|iPhoneSimulator
		{295616E0-46F2-4754-8B32-D9A120921A84}.Debug|x64.ActiveCfg = Debug|iPhone
		{295616E0-46F2-4754-8B32-D9A120921A84}.Debug|x86.ActiveCfg = Debug|iPhone
		{295616E0-46F2-4754-8B32-D9A120921A84}.Release|Any CPU.ActiveCfg = Release|iPhone
		{295616E0-46F2-4754-8B32-D9A120921A84}.Release|ARM.ActiveCfg = Release|iPhone
		{295616E0-46F2-4754-8B32-D9A120921A84}.Release|iPhone.ActiveCfg = Release|iPhone
		{295616E0-46F2-4754-8B32-D9A120921A84}.Release|iPhone.Build.0 = Release|iPhone
		{295616E0-46F2-4754-8B32-D9A120921A84}.Release|iPhoneSimulator.ActiveCfg = Release|iPhoneSimulator
		{295616E0-46F2-4754-8B32-D9A120921A84}.Release|iPhoneSimulator.Build.0 = Release|iPhoneSimulator
		{295616E0-46F2-4754-8B32-D9A120921A84}.Release|x64.ActiveCfg = Release|iPhone
		{295616E0-46F2-4754-8B32-D9A120921A84}.Release|x86.ActiveCfg = Release|iPhone
		{D0566691-C646-4CFF-A02C-2A64DB84E17F}.Ad-Hoc|Any CPU.ActiveCfg = Release|x86
		{D0566691-C646-4CFF-A02C-2A64DB84E17F}.Ad-Hoc|Any CPU.Build.0 = Release|x86
		{D0566691-C646-4CFF-A02C-2A64DB84E17F}.Ad-Hoc|Any CPU.Deploy.0 = Release|x86
		{D0566691-C646-4CFF-A02C-2A64DB84E17F}.Ad-Hoc|ARM.ActiveCfg = Release|ARM
		{D0566691-C646-4CFF-A02C-2A64DB84E17F}.Ad-Hoc|ARM.Build.0 = Release|ARM
		{D0566691-C646-4CFF-A02C-2A64DB84E17F}.Ad-Hoc|ARM.Deploy.0 = Release|ARM
		{D0566691-C646-4CFF-A02C-2A64DB84E17F}.Ad-Hoc|iPhone.ActiveCfg = Release|x86
		{D0566691-C646-4CFF-A02C-2A64DB84E17F}.Ad-Hoc|iPhone.Build.0 = Release|x86
		{D0566691-C646-4CFF-A02C-2A64DB84E17F}.Ad-Hoc|iPhone.Deploy.0 = Release|x86
		{D0566691-C646-4CFF-A02C-2A64DB84E17F}.Ad-Hoc|iPhoneSimulator.ActiveCfg = Release|x86
		{D0566691-C646-4CFF-A02C-2A64DB84E17F}.Ad-Hoc|iPhoneSimulator.Build.0 = Release|x86
		{D0566691-C646-4CFF-A02C-2A64DB84E17F}.Ad-Hoc|iPhoneSimulator.Deploy.0 = Release|x86
		{D0566691-C646-4CFF-A02C-2A64DB84E17F}.Ad-Hoc|x64.ActiveCfg = Release|x64
		{D0566691-C646-4CFF-A02C-2A64DB84E17F}.Ad-Hoc|x64.Build.0 = Release|x64
		{D0566691-C646-4CFF-A02C-2A64DB84E17F}.Ad-Hoc|x64.Deploy.0 = Release|x64
		{D0566691-C646-4CFF-A02C-2A64DB84E17F}.Ad-Hoc|x86.ActiveCfg = Release|x86
		{D0566691-C646-4CFF-A02C-2A64DB84E17F}.Ad-Hoc|x86.Build.0 = Release|x86
		{D0566691-C646-4CFF-A02C-2A64DB84E17F}.Ad-Hoc|x86.Deploy.0 = Release|x86
		{D0566691-C646-4CFF-A02C-2A64DB84E17F}.AppStore|Any CPU.ActiveCfg = Release|x86
		{D0566691-C646-4CFF-A02C-2A64DB84E17F}.AppStore|Any CPU.Build.0 = Release|x86
		{D0566691-C646-4CFF-A02C-2A64DB84E17F}.AppStore|Any CPU.Deploy.0 = Release|x86
		{D0566691-C646-4CFF-A02C-2A64DB84E17F}.AppStore|ARM.ActiveCfg = Release|ARM
		{D0566691-C646-4CFF-A02C-2A64DB84E17F}.AppStore|ARM.Build.0 = Release|ARM
		{D0566691-C646-4CFF-A02C-2A64DB84E17F}.AppStore|ARM.Deploy.0 = Release|ARM
		{D0566691-C646-4CFF-A02C-2A64DB84E17F}.AppStore|iPhone.ActiveCfg = Release|x86
		{D0566691-C646-4CFF-A02C-2A64DB84E17F}.AppStore|iPhone.Build.0 = Release|x86
		{D0566691-C646-4CFF-A02C-2A64DB84E17F}.AppStore|iPhone.Deploy.0 = Release|x86
		{D0566691-C646-4CFF-A02C-2A64DB84E17F}.AppStore|iPhoneSimulator.ActiveCfg = Release|x86
		{D0566691-C646-4CFF-A02C-2A64DB84E17F}.AppStore|iPhoneSimulator.Build.0 = Release|x86
		{D0566691-C646-4CFF-A02C-2A64DB84E17F}.AppStore|iPhoneSimulator.Deploy.0 = Release|x86
		{D0566691-C646-4CFF-A02C-2A64DB84E17F}.AppStore|x64.ActiveCfg = Release|x64
		{D0566691-C646-4CFF-A02C-2A64DB84E17F}.AppStore|x64.Build.0 = Release|x64
		{D0566691-C646-4CFF-A02C-2A64DB84E17F}.AppStore|x64.Deploy.0 = Release|x64
		{D0566691-C646-4CFF-A02C-2A64DB84E17F}.AppStore|x86.ActiveCfg = Release|x86
		{D0566691-C646-4CFF-A02C-2A64DB84E17F}.AppStore|x86.Build.0 = Release|x86
		{D0566691-C646-4CFF-A02C-2A64DB84E17F}.AppStore|x86.Deploy.0 = Release|x86
		{D0566691-C646-4CFF-A02C-2A64DB84E17F}.Debug|Any CPU.ActiveCfg = Debug|x86
		{D0566691-C646-4CFF-A02C-2A64DB84E17F}.Debug|ARM.ActiveCfg = Debug|ARM
		{D0566691-C646-4CFF-A02C-2A64DB84E17F}.Debug|ARM.Build.0 = Debug|ARM
		{D0566691-C646-4CFF-A02C-2A64DB84E17F}.Debug|ARM.Deploy.0 = Debug|ARM
		{D0566691-C646-4CFF-A02C-2A64DB84E17F}.Debug|iPhone.ActiveCfg = Debug|x86
		{D0566691-C646-4CFF-A02C-2A64DB84E17F}.Debug|iPhoneSimulator.ActiveCfg = Debug|x86
		{D0566691-C646-4CFF-A02C-2A64DB84E17F}.Debug|x64.ActiveCfg = Debug|x64
		{D0566691-C646-4CFF-A02C-2A64DB84E17F}.Debug|x64.Build.0 = Debug|x64
		{D0566691-C646-4CFF-A02C-2A64DB84E17F}.Debug|x64.Deploy.0 = Debug|x64
		{D0566691-C646-4CFF-A02C-2A64DB84E17F}.Debug|x86.ActiveCfg = Debug|x86
		{D0566691-C646-4CFF-A02C-2A64DB84E17F}.Debug|x86.Build.0 = Debug|x86
		{D0566691-C646-4CFF-A02C-2A64DB84E17F}.Debug|x86.Deploy.0 = Debug|x86
		{D0566691-C646-4CFF-A02C-2A64DB84E17F}.Release|Any CPU.ActiveCfg = Release|x86
		{D0566691-C646-4CFF-A02C-2A64DB84E17F}.Release|ARM.ActiveCfg = Release|ARM
		{D0566691-C646-4CFF-A02C-2A64DB84E17F}.Release|ARM.Build.0 = Release|ARM
		{D0566691-C646-4CFF-A02C-2A64DB84E17F}.Release|ARM.Deploy.0 = Release|ARM
		{D0566691-C646-4CFF-A02C-2A64DB84E17F}.Release|iPhone.ActiveCfg = Release|x86
		{D0566691-C646-4CFF-A02C-2A64DB84E17F}.Release|iPhoneSimulator.ActiveCfg = Release|x86
		{D0566691-C646-4CFF-A02C-2A64DB84E17F}.Release|x64.ActiveCfg = Release|x64
		{D0566691-C646-4CFF-A02C-2A64DB84E17F}.Release|x64.Build.0 = Release|x64
		{D0566691-C646-4CFF-A02C-2A64DB84E17F}.Release|x64.Deploy.0 = Release|x64
		{D0566691-C646-4CFF-A02C-2A64DB84E17F}.Release|x86.ActiveCfg = Release|x86
		{D0566691-C646-4CFF-A02C-2A64DB84E17F}.Release|x86.Build.0 = Release|x86
		{D0566691-C646-4CFF-A02C-2A64DB84E17F}.Release|x86.Deploy.0 = Release|x86
		{DE36F401-7AD1-4620-A586-6034B153A2DA}.Ad-Hoc|Any CPU.ActiveCfg = Debug|Any CPU
		{DE36F401-7AD1-4620-A586-6034B153A2DA}.Ad-Hoc|Any CPU.Build.0 = Debug|Any CPU
		{DE36F401-7AD1-4620-A586-6034B153A2DA}.Ad-Hoc|ARM.ActiveCfg = Debug|Any CPU
		{DE36F401-7AD1-4620-A586-6034B153A2DA}.Ad-Hoc|ARM.Build.0 = Debug|Any CPU
		{DE36F401-7AD1-4620-A586-6034B153A2DA}.Ad-Hoc|iPhone.ActiveCfg = Debug|Any CPU
		{DE36F401-7AD1-4620-A586-6034B153A2DA}.Ad-Hoc|iPhone.Build.0 = Debug|Any CPU
		{DE36F401-7AD1-4620-A586-6034B153A2DA}.Ad-Hoc|iPhoneSimulator.ActiveCfg = Debug|Any CPU
		{DE36F401-7AD1-4620-A586-6034B153A2DA}.Ad-Hoc|iPhoneSimulator.Build.0 = Debug|Any CPU
		{DE36F401-7AD1-4620-A586-6034B153A2DA}.Ad-Hoc|x64.ActiveCfg = Debug|Any CPU
		{DE36F401-7AD1-4620-A586-6034B153A2DA}.Ad-Hoc|x64.Build.0 = Debug|Any CPU
		{DE36F401-7AD1-4620-A586-6034B153A2DA}.Ad-Hoc|x86.ActiveCfg = Debug|Any CPU
		{DE36F401-7AD1-4620-A586-6034B153A2DA}.Ad-Hoc|x86.Build.0 = Debug|Any CPU
		{DE36F401-7AD1-4620-A586-6034B153A2DA}.AppStore|Any CPU.ActiveCfg = Debug|Any CPU
		{DE36F401-7AD1-4620-A586-6034B153A2DA}.AppStore|Any CPU.Build.0 = Debug|Any CPU
		{DE36F401-7AD1-4620-A586-6034B153A2DA}.AppStore|ARM.ActiveCfg = Debug|Any CPU
		{DE36F401-7AD1-4620-A586-6034B153A2DA}.AppStore|ARM.Build.0 = Debug|Any CPU
		{DE36F401-7AD1-4620-A586-6034B153A2DA}.AppStore|iPhone.ActiveCfg = Debug|Any CPU
		{DE36F401-7AD1-4620-A586-6034B153A2DA}.AppStore|iPhone.Build.0 = Debug|Any CPU
		{DE36F401-7AD1-4620-A586-6034B153A2DA}.AppStore|iPhoneSimulator.ActiveCfg = Debug|Any CPU
		{DE36F401-7AD1-4620-A586-6034B153A2DA}.AppStore|iPhoneSimulator.Build.0 = Debug|Any CPU
		{DE36F401-7AD1-4620-A586-6034B153A2DA}.AppStore|x64.ActiveCfg = Debug|Any CPU
		{DE36F401-7AD1-4620-A586-6034B153A2DA}.AppStore|x64.Build.0 = Debug|Any CPU
		{DE36F401-7AD1-4620-A586-6034B153A2DA}.AppStore|x86.ActiveCfg = Debug|Any CPU
		{DE36F401-7AD1-4620-A586-6034B153A2DA}.AppStore|x86.Build.0 = Debug|Any CPU
		{DE36F401-7AD1-4620-A586-6034B153A2DA}.Debug|Any CPU.ActiveCfg = Debug|Any CPU
		{DE36F401-7AD1-4620-A586-6034B153A2DA}.Debug|Any CPU.Build.0 = Debug|Any CPU
		{DE36F401-7AD1-4620-A586-6034B153A2DA}.Debug|ARM.ActiveCfg = Debug|Any CPU
		{DE36F401-7AD1-4620-A586-6034B153A2DA}.Debug|ARM.Build.0 = Debug|Any CPU
		{DE36F401-7AD1-4620-A586-6034B153A2DA}.Debug|iPhone.ActiveCfg = Debug|Any CPU
		{DE36F401-7AD1-4620-A586-6034B153A2DA}.Debug|iPhone.Build.0 = Debug|Any CPU
		{DE36F401-7AD1-4620-A586-6034B153A2DA}.Debug|iPhoneSimulator.ActiveCfg = Debug|Any CPU
		{DE36F401-7AD1-4620-A586-6034B153A2DA}.Debug|iPhoneSimulator.Build.0 = Debug|Any CPU
		{DE36F401-7AD1-4620-A586-6034B153A2DA}.Debug|x64.ActiveCfg = Debug|Any CPU
		{DE36F401-7AD1-4620-A586-6034B153A2DA}.Debug|x64.Build.0 = Debug|Any CPU
		{DE36F401-7AD1-4620-A586-6034B153A2DA}.Debug|x86.ActiveCfg = Debug|Any CPU
		{DE36F401-7AD1-4620-A586-6034B153A2DA}.Debug|x86.Build.0 = Debug|Any CPU
		{DE36F401-7AD1-4620-A586-6034B153A2DA}.Release|Any CPU.ActiveCfg = Release|Any CPU
		{DE36F401-7AD1-4620-A586-6034B153A2DA}.Release|Any CPU.Build.0 = Release|Any CPU
		{DE36F401-7AD1-4620-A586-6034B153A2DA}.Release|ARM.ActiveCfg = Release|Any CPU
		{DE36F401-7AD1-4620-A586-6034B153A2DA}.Release|ARM.Build.0 = Release|Any CPU
		{DE36F401-7AD1-4620-A586-6034B153A2DA}.Release|iPhone.ActiveCfg = Release|Any CPU
		{DE36F401-7AD1-4620-A586-6034B153A2DA}.Release|iPhone.Build.0 = Release|Any CPU
		{DE36F401-7AD1-4620-A586-6034B153A2DA}.Release|iPhoneSimulator.ActiveCfg = Release|Any CPU
		{DE36F401-7AD1-4620-A586-6034B153A2DA}.Release|iPhoneSimulator.Build.0 = Release|Any CPU
		{DE36F401-7AD1-4620-A586-6034B153A2DA}.Release|x64.ActiveCfg = Release|Any CPU
		{DE36F401-7AD1-4620-A586-6034B153A2DA}.Release|x64.Build.0 = Release|Any CPU
		{DE36F401-7AD1-4620-A586-6034B153A2DA}.Release|x86.ActiveCfg = Release|Any CPU
		{DE36F401-7AD1-4620-A586-6034B153A2DA}.Release|x86.Build.0 = Release|Any CPU
	EndGlobalSection
	GlobalSection(SolutionProperties) = preSolution
		HideSolutionNode = FALSE
	EndGlobalSection
	GlobalSection(ExtensibilityGlobals) = postSolution
		SolutionGuid = {AE61DF80-BDF6-4710-AC4D-1FE513AFF4A3}
	EndGlobalSection
EndGlobal
